
Microsoft Visual Studio Solution File, Format Version 12.00
# Visual Studio 15
Project("{FAE04EC0-301F-11D3-BF4B-00C04F79EFBC}") = "UMA_Core", "UMA_Core.csproj", "{93309512-1C10-1362-FEC4-0C40EA598F49}"
EndProject
Project("{FAE04EC0-301F-11D3-BF4B-00C04F79EFBC}") = "MessagePack", "MessagePack.csproj", "{9464F564-D8E5-1530-394D-09A2E2214017}"
EndProject
Project("{FAE04EC0-301F-11D3-BF4B-00C04F79EFBC}") = "Assembly-CSharp", "Assembly-CSharp.csproj", "{A0AFB630-B000-54B6-EE08-E400F5CEF43B}"
EndProject
Project("{FAE04EC0-301F-11D3-BF4B-00C04F79EFBC}") = "UMA_Examples", "UMA_Examples.csproj", "{CC8E9E4A-2C07-09F0-3311-B907E7710759}"
EndProject
Project("{FAE04EC0-301F-11D3-BF4B-00C04F79EFBC}") = "Assembly-CSharp-firstpass", "Assembly-CSharp-firstpass.csproj", "{E5274ECA-092E-AF89-D57A-8154E5C5F5EE}"
EndProject
Project("{FAE04EC0-301F-11D3-BF4B-00C04F79EFBC}") = "Unity.Collections", "Unity.Collections.csproj", "{3A1A18BB-6096-CA7C-D764-8CA37A2DC6AF}"
EndProject
Project("{FAE04EC0-301F-11D3-BF4B-00C04F79EFBC}") = "UMA_Content", "UMA_Content.csproj", "{AC2CB61D-AF47-00DF-EDCE-6F320CB36E47}"
EndProject
Project("{FAE04EC0-301F-11D3-BF4B-00C04F79EFBC}") = "UMA_Examples_Editor", "UMA_Examples_Editor.csproj", "{AC17B7CE-0C4F-5AC5-CD98-7A396237493D}"
EndProject
Project("{FAE04EC0-301F-11D3-BF4B-00C04F79EFBC}") = "UMA_Core_Editor", "UMA_Core_Editor.csproj", "{E9A8B690-3569-F1A7-B009-673513A1D3D0}"
EndProject
Project("{FAE04EC0-301F-11D3-BF4B-00C04F79EFBC}") = "Assembly-CSharp-Editor", "Assembly-CSharp-Editor.csproj", "{BD7B76E5-00C3-B58B-00DA-362792DEE0E9}"
EndProject
Project("{FAE04EC0-301F-11D3-BF4B-00C04F79EFBC}") = "Unity.Collections.Tests", "Unity.Collections.Tests.csproj", "{AEF55CFB-B32F-26B5-0F9A-EAC84617A221}"
EndProject
Project("{FAE04EC0-301F-11D3-BF4B-00C04F79EFBC}") = "Assembly-CSharp-Editor-firstpass", "Assembly-CSharp-Editor-firstpass.csproj", "{222DEF9C-D971-3B9D-CAE9-4E766B15D475}"
EndProject
Project("{FAE04EC0-301F-11D3-BF4B-00C04F79EFBC}") = "Addressable_Editor", "Addressable_Editor.csproj", "{0E3F4646-5F9F-C8EF-7E88-CB659F8886C1}"
EndProject
Global
	GlobalSection(SolutionConfigurationPlatforms) = preSolution
		Debug|Any CPU = Debug|Any CPU
		Release|Any CPU = Release|Any CPU
	EndGlobalSection
	GlobalSection(ProjectConfigurationPlatforms) = postSolution
		{93309512-1C10-1362-FEC4-0C40EA598F49}.Debug|Any CPU.ActiveCfg = Debug|Any CPU
		{93309512-1C10-1362-FEC4-0C40EA598F49}.Debug|Any CPU.Build.0 = Debug|Any CPU
		{93309512-1C10-1362-FEC4-0C40EA598F49}.Release|Any CPU.ActiveCfg = Release|Any CPU
		{93309512-1C10-1362-FEC4-0C40EA598F49}.Release|Any CPU.Build.0 = Release|Any CPU
		{9464F564-D8E5-1530-394D-09A2E2214017}.Debug|Any CPU.ActiveCfg = Debug|Any CPU
		{9464F564-D8E5-1530-394D-09A2E2214017}.Debug|Any CPU.Build.0 = Debug|Any CPU
		{9464F564-D8E5-1530-394D-09A2E2214017}.Release|Any CPU.ActiveCfg = Release|Any CPU
		{9464F564-D8E5-1530-394D-09A2E2214017}.Release|Any CPU.Build.0 = Release|Any CPU
		{A0AFB630-B000-54B6-EE08-E400F5CEF43B}.Debug|Any CPU.ActiveCfg = Debug|Any CPU
		{A0AFB630-B000-54B6-EE08-E400F5CEF43B}.Debug|Any CPU.Build.0 = Debug|Any CPU
		{A0AFB630-B000-54B6-EE08-E400F5CEF43B}.Release|Any CPU.ActiveCfg = Release|Any CPU
		{A0AFB630-B000-54B6-EE08-E400F5CEF43B}.Release|Any CPU.Build.0 = Release|Any CPU
		{CC8E9E4A-2C07-09F0-3311-B907E7710759}.Debug|Any CPU.ActiveCfg = Debug|Any CPU
		{CC8E9E4A-2C07-09F0-3311-B907E7710759}.Debug|Any CPU.Build.0 = Debug|Any CPU
		{CC8E9E4A-2C07-09F0-3311-B907E7710759}.Release|Any CPU.ActiveCfg = Release|Any CPU
		{CC8E9E4A-2C07-09F0-3311-B907E7710759}.Release|Any CPU.Build.0 = Release|Any CPU
		{E5274ECA-092E-AF89-D57A-8154E5C5F5EE}.Debug|Any CPU.ActiveCfg = Debug|Any CPU
		{E5274ECA-092E-AF89-D57A-8154E5C5F5EE}.Debug|Any CPU.Build.0 = Debug|Any CPU
		{E5274ECA-092E-AF89-D57A-8154E5C5F5EE}.Release|Any CPU.ActiveCfg = Release|Any CPU
		{E5274ECA-092E-AF89-D57A-8154E5C5F5EE}.Release|Any CPU.Build.0 = Release|Any CPU
		{3A1A18BB-6096-CA7C-D764-8CA37A2DC6AF}.Debug|Any CPU.ActiveCfg = Debug|Any CPU
		{3A1A18BB-6096-CA7C-D764-8CA37A2DC6AF}.Debug|Any CPU.Build.0 = Debug|Any CPU
		{3A1A18BB-6096-CA7C-D764-8CA37A2DC6AF}.Release|Any CPU.ActiveCfg = Release|Any CPU
		{3A1A18BB-6096-CA7C-D764-8CA37A2DC6AF}.Release|Any CPU.Build.0 = Release|Any CPU
		{AC2CB61D-AF47-00DF-EDCE-6F320CB36E47}.Debug|Any CPU.ActiveCfg = Debug|Any CPU
		{AC2CB61D-AF47-00DF-EDCE-6F320CB36E47}.Debug|Any CPU.Build.0 = Debug|Any CPU
		{AC2CB61D-AF47-00DF-EDCE-6F320CB36E47}.Release|Any CPU.ActiveCfg = Release|Any CPU
		{AC2CB61D-AF47-00DF-EDCE-6F320CB36E47}.Release|Any CPU.Build.0 = Release|Any CPU
		{AC17B7CE-0C4F-5AC5-CD98-7A396237493D}.Debug|Any CPU.ActiveCfg = Debug|Any CPU
		{AC17B7CE-0C4F-5AC5-CD98-7A396237493D}.Debug|Any CPU.Build.0 = Debug|Any CPU
		{AC17B7CE-0C4F-5AC5-CD98-7A396237493D}.Release|Any CPU.ActiveCfg = Release|Any CPU
		{AC17B7CE-0C4F-5AC5-CD98-7A396237493D}.Release|Any CPU.Build.0 = Release|Any CPU
		{E9A8B690-3569-F1A7-B009-673513A1D3D0}.Debug|Any CPU.ActiveCfg = Debug|Any CPU
		{E9A8B690-3569-F1A7-B009-673513A1D3D0}.Debug|Any CPU.Build.0 = Debug|Any CPU
		{E9A8B690-3569-F1A7-B009-673513A1D3D0}.Release|Any CPU.ActiveCfg = Release|Any CPU
		{E9A8B690-3569-F1A7-B009-673513A1D3D0}.Release|Any CPU.Build.0 = Release|Any CPU
		{BD7B76E5-00C3-B58B-00DA-362792DEE0E9}.Debug|Any CPU.ActiveCfg = Debug|Any CPU
		{BD7B76E5-00C3-B58B-00DA-362792DEE0E9}.Debug|Any CPU.Build.0 = Debug|Any CPU
		{BD7B76E5-00C3-B58B-00DA-362792DEE0E9}.Release|Any CPU.ActiveCfg = Release|Any CPU
		{BD7B76E5-00C3-B58B-00DA-362792DEE0E9}.Release|Any CPU.Build.0 = Release|Any CPU
		{AEF55CFB-B32F-26B5-0F9A-EAC84617A221}.Debug|Any CPU.ActiveCfg = Debug|Any CPU
		{AEF55CFB-B32F-26B5-0F9A-EAC84617A221}.Debug|Any CPU.Build.0 = Debug|Any CPU
		{AEF55CFB-B32F-26B5-0F9A-EAC84617A221}.Release|Any CPU.ActiveCfg = Release|Any CPU
		{AEF55CFB-B32F-26B5-0F9A-EAC84617A221}.Release|Any CPU.Build.0 = Release|Any CPU
		{222DEF9C-D971-3B9D-CAE9-4E766B15D475}.Debug|Any CPU.ActiveCfg = Debug|Any CPU
		{222DEF9C-D971-3B9D-CAE9-4E766B15D475}.Debug|Any CPU.Build.0 = Debug|Any CPU
		{222DEF9C-D971-3B9D-CAE9-4E766B15D475}.Release|Any CPU.ActiveCfg = Release|Any CPU
		{222DEF9C-D971-3B9D-CAE9-4E766B15D475}.Release|Any CPU.Build.0 = Release|Any CPU
		{0E3F4646-5F9F-C8EF-7E88-CB659F8886C1}.Debug|Any CPU.ActiveCfg = Debug|Any CPU
		{0E3F4646-5F9F-C8EF-7E88-CB659F8886C1}.Debug|Any CPU.Build.0 = Debug|Any CPU
		{0E3F4646-5F9F-C8EF-7E88-CB659F8886C1}.Release|Any CPU.ActiveCfg = Release|Any CPU
		{0E3F4646-5F9F-C8EF-7E88-CB659F8886C1}.Release|Any CPU.Build.0 = Release|Any CPU
	EndGlobalSection
	GlobalSection(SolutionProperties) = preSolution
		HideSolutionNode = FALSE
	EndGlobalSection
EndGlobal
